
Microsoft Visual Studio Solution File, Format Version 12.00
# Visual Studio Version 16
VisualStudioVersion = 16.0.32630.194
MinimumVisualStudioVersion = 10.0.40219.1
Project("{FAE04EC0-301F-11D3-BF4B-00C04F79EFBC}") = "uygulama7(diziler3-foreach)", "uygulama7(diziler3-foreach)\uygulama7(diziler3-foreach).csproj", "{638F5FEF-2C62-43E9-90B7-A6E996F37E71}"
EndProject
Global
	GlobalSection(SolutionConfigurationPlatforms) = preSolution
		Debug|Any CPU = Debug|Any CPU
		Release|Any CPU = Release|Any CPU
	EndGlobalSection
	GlobalSection(ProjectConfigurationPlatforms) = postSolution
		{638F5FEF-2C62-43E9-90B7-A6E996F37E71}.Debug|Any CPU.ActiveCfg = Debug|Any CPU
		{638F5FEF-2C62-43E9-90B7-A6E996F37E71}.Debug|Any CPU.Build.0 = Debug|Any CPU
		{638F5FEF-2C62-43E9-90B7-A6E996F37E71}.Release|Any CPU.ActiveCfg = Release|Any CPU
		{638F5FEF-2C62-43E9-90B7-A6E996F37E71}.Release|Any CPU.Build.0 = Release|Any CPU
	EndGlobalSection
	GlobalSection(SolutionProperties) = preSolution
		HideSolutionNode = FALSE
	EndGlobalSection
	GlobalSection(ExtensibilityGlobals) = postSolution
		SolutionGuid = {8B0F87F3-BC21-4F3E-8485-3360B5F77ECE}
	EndGlobalSection
EndGlobal
