
Microsoft Visual Studio Solution File, Format Version 12.00
# Visual Studio Version 16
VisualStudioVersion = 16.0.32630.194
MinimumVisualStudioVersion = 10.0.40219.1
Project("{FAE04EC0-301F-11D3-BF4B-00C04F79EFBC}") = "ErişimBelirteçleri", "ErişimBelirteçleri\ErişimBelirteçleri.csproj", "{F6FD81FE-D090-4240-B2D6-DD2802324256}"
EndProject
Project("{FAE04EC0-301F-11D3-BF4B-00C04F79EFBC}") = "Sample", "Sample\Sample.csproj", "{C200A0DF-4227-4824-92FD-FAAECD32FA28}"
EndProject
Global
	GlobalSection(SolutionConfigurationPlatforms) = preSolution
		Debug|Any CPU = Debug|Any CPU
		Release|Any CPU = Release|Any CPU
	EndGlobalSection
	GlobalSection(ProjectConfigurationPlatforms) = postSolution
		{F6FD81FE-D090-4240-B2D6-DD2802324256}.Debug|Any CPU.ActiveCfg = Debug|Any CPU
		{F6FD81FE-D090-4240-B2D6-DD2802324256}.Debug|Any CPU.Build.0 = Debug|Any CPU
		{F6FD81FE-D090-4240-B2D6-DD2802324256}.Release|Any CPU.ActiveCfg = Release|Any CPU
		{F6FD81FE-D090-4240-B2D6-DD2802324256}.Release|Any CPU.Build.0 = Release|Any CPU
		{C200A0DF-4227-4824-92FD-FAAECD32FA28}.Debug|Any CPU.ActiveCfg = Debug|Any CPU
		{C200A0DF-4227-4824-92FD-FAAECD32FA28}.Debug|Any CPU.Build.0 = Debug|Any CPU
		{C200A0DF-4227-4824-92FD-FAAECD32FA28}.Release|Any CPU.ActiveCfg = Release|Any CPU
		{C200A0DF-4227-4824-92FD-FAAECD32FA28}.Release|Any CPU.Build.0 = Release|Any CPU
	EndGlobalSection
	GlobalSection(SolutionProperties) = preSolution
		HideSolutionNode = FALSE
	EndGlobalSection
	GlobalSection(ExtensibilityGlobals) = postSolution
		SolutionGuid = {E10D9CE9-FF29-4258-89FC-9054C93070CA}
	EndGlobalSection
EndGlobal
