
Microsoft Visual Studio Solution File, Format Version 12.00
# Visual Studio Version 16
VisualStudioVersion = 16.0.32630.194
MinimumVisualStudioVersion = 10.0.40219.1
Project("{FAE04EC0-301F-11D3-BF4B-00C04F79EFBC}") = "WinFormsApp12", "WinFormsApp12\WinFormsApp12.csproj", "{E4239B5E-45A5-468B-9A67-C7352849C59C}"
EndProject
Global
	GlobalSection(SolutionConfigurationPlatforms) = preSolution
		Debug|Any CPU = Debug|Any CPU
		Release|Any CPU = Release|Any CPU
	EndGlobalSection
	GlobalSection(ProjectConfigurationPlatforms) = postSolution
		{E4239B5E-45A5-468B-9A67-C7352849C59C}.Debug|Any CPU.ActiveCfg = Debug|Any CPU
		{E4239B5E-45A5-468B-9A67-C7352849C59C}.Debug|Any CPU.Build.0 = Debug|Any CPU
		{E4239B5E-45A5-468B-9A67-C7352849C59C}.Release|Any CPU.ActiveCfg = Release|Any CPU
		{E4239B5E-45A5-468B-9A67-C7352849C59C}.Release|Any CPU.Build.0 = Release|Any CPU
	EndGlobalSection
	GlobalSection(SolutionProperties) = preSolution
		HideSolutionNode = FALSE
	EndGlobalSection
	GlobalSection(ExtensibilityGlobals) = postSolution
		SolutionGuid = {BC1E0C8E-BF3C-472B-9112-9B78F749D5B3}
	EndGlobalSection
EndGlobal
