
Microsoft Visual Studio Solution File, Format Version 12.00
# Visual Studio Version 16
VisualStudioVersion = 16.0.32630.194
MinimumVisualStudioVersion = 10.0.40219.1
Project("{FAE04EC0-301F-11D3-BF4B-00C04F79EFBC}") = "uygulama20", "uygulama20\uygulama20.csproj", "{BD02B318-8E75-4CFD-8241-E8EF8510E4DF}"
EndProject
Global
	GlobalSection(SolutionConfigurationPlatforms) = preSolution
		Debug|Any CPU = Debug|Any CPU
		Release|Any CPU = Release|Any CPU
	EndGlobalSection
	GlobalSection(ProjectConfigurationPlatforms) = postSolution
		{BD02B318-8E75-4CFD-8241-E8EF8510E4DF}.Debug|Any CPU.ActiveCfg = Debug|Any CPU
		{BD02B318-8E75-4CFD-8241-E8EF8510E4DF}.Debug|Any CPU.Build.0 = Debug|Any CPU
		{BD02B318-8E75-4CFD-8241-E8EF8510E4DF}.Release|Any CPU.ActiveCfg = Release|Any CPU
		{BD02B318-8E75-4CFD-8241-E8EF8510E4DF}.Release|Any CPU.Build.0 = Release|Any CPU
	EndGlobalSection
	GlobalSection(SolutionProperties) = preSolution
		HideSolutionNode = FALSE
	EndGlobalSection
	GlobalSection(ExtensibilityGlobals) = postSolution
		SolutionGuid = {31875AE6-3031-41A6-A502-507F876F5876}
	EndGlobalSection
EndGlobal
