
Microsoft Visual Studio Solution File, Format Version 12.00
# Visual Studio Version 16
VisualStudioVersion = 16.0.32630.194
MinimumVisualStudioVersion = 10.0.40219.1
Project("{FAE04EC0-301F-11D3-BF4B-00C04F79EFBC}") = "TrafikLambası", "TrafikLambası\TrafikLambası.csproj", "{EC40FCF9-EFEA-4B07-9E84-50696E85AAEF}"
EndProject
Global
	GlobalSection(SolutionConfigurationPlatforms) = preSolution
		Debug|Any CPU = Debug|Any CPU
		Release|Any CPU = Release|Any CPU
	EndGlobalSection
	GlobalSection(ProjectConfigurationPlatforms) = postSolution
		{EC40FCF9-EFEA-4B07-9E84-50696E85AAEF}.Debug|Any CPU.ActiveCfg = Debug|Any CPU
		{EC40FCF9-EFEA-4B07-9E84-50696E85AAEF}.Debug|Any CPU.Build.0 = Debug|Any CPU
		{EC40FCF9-EFEA-4B07-9E84-50696E85AAEF}.Release|Any CPU.ActiveCfg = Release|Any CPU
		{EC40FCF9-EFEA-4B07-9E84-50696E85AAEF}.Release|Any CPU.Build.0 = Release|Any CPU
	EndGlobalSection
	GlobalSection(SolutionProperties) = preSolution
		HideSolutionNode = FALSE
	EndGlobalSection
	GlobalSection(ExtensibilityGlobals) = postSolution
		SolutionGuid = {8F7CBFAF-D91B-4279-AF5F-119C45728A6D}
	EndGlobalSection
EndGlobal
