
Microsoft Visual Studio Solution File, Format Version 12.00
# Visual Studio Version 16
VisualStudioVersion = 16.0.32630.194
MinimumVisualStudioVersion = 10.0.40219.1
Project("{FAE04EC0-301F-11D3-BF4B-00C04F79EFBC}") = "uygulama34", "uygulama34\uygulama34.csproj", "{C586CE7D-8639-4282-91B6-B088AA258959}"
EndProject
Global
	GlobalSection(SolutionConfigurationPlatforms) = preSolution
		Debug|Any CPU = Debug|Any CPU
		Release|Any CPU = Release|Any CPU
	EndGlobalSection
	GlobalSection(ProjectConfigurationPlatforms) = postSolution
		{C586CE7D-8639-4282-91B6-B088AA258959}.Debug|Any CPU.ActiveCfg = Debug|Any CPU
		{C586CE7D-8639-4282-91B6-B088AA258959}.Debug|Any CPU.Build.0 = Debug|Any CPU
		{C586CE7D-8639-4282-91B6-B088AA258959}.Release|Any CPU.ActiveCfg = Release|Any CPU
		{C586CE7D-8639-4282-91B6-B088AA258959}.Release|Any CPU.Build.0 = Release|Any CPU
	EndGlobalSection
	GlobalSection(SolutionProperties) = preSolution
		HideSolutionNode = FALSE
	EndGlobalSection
	GlobalSection(ExtensibilityGlobals) = postSolution
		SolutionGuid = {9A09586A-4DE9-4C56-AE3F-341F7909BE38}
	EndGlobalSection
EndGlobal
