
Microsoft Visual Studio Solution File, Format Version 12.00
# Visual Studio Version 16
VisualStudioVersion = 16.0.32630.194
MinimumVisualStudioVersion = 10.0.40219.1
Project("{FAE04EC0-301F-11D3-BF4B-00C04F79EFBC}") = "uygulama42(form7)Pizza", "uygulama42(form7)Pizza\uygulama42(form7)Pizza.csproj", "{EEACD6BC-B45C-402E-92DE-2B3B9B4BA7BC}"
EndProject
Global
	GlobalSection(SolutionConfigurationPlatforms) = preSolution
		Debug|Any CPU = Debug|Any CPU
		Release|Any CPU = Release|Any CPU
	EndGlobalSection
	GlobalSection(ProjectConfigurationPlatforms) = postSolution
		{EEACD6BC-B45C-402E-92DE-2B3B9B4BA7BC}.Debug|Any CPU.ActiveCfg = Debug|Any CPU
		{EEACD6BC-B45C-402E-92DE-2B3B9B4BA7BC}.Debug|Any CPU.Build.0 = Debug|Any CPU
		{EEACD6BC-B45C-402E-92DE-2B3B9B4BA7BC}.Release|Any CPU.ActiveCfg = Release|Any CPU
		{EEACD6BC-B45C-402E-92DE-2B3B9B4BA7BC}.Release|Any CPU.Build.0 = Release|Any CPU
	EndGlobalSection
	GlobalSection(SolutionProperties) = preSolution
		HideSolutionNode = FALSE
	EndGlobalSection
	GlobalSection(ExtensibilityGlobals) = postSolution
		SolutionGuid = {E9587FF4-28E4-4D1E-B699-01B14B76CC8D}
	EndGlobalSection
EndGlobal
