
Microsoft Visual Studio Solution File, Format Version 12.00
# Visual Studio Version 16
VisualStudioVersion = 16.0.32630.194
MinimumVisualStudioVersion = 10.0.40219.1
Project("{FAE04EC0-301F-11D3-BF4B-00C04F79EFBC}") = "HelloWorld", "HelloWorld\HelloWorld.csproj", "{4A155D51-531A-4F14-84E9-E0471F3D3880}"
EndProject
Global
	GlobalSection(SolutionConfigurationPlatforms) = preSolution
		Debug|Any CPU = Debug|Any CPU
		Release|Any CPU = Release|Any CPU
	EndGlobalSection
	GlobalSection(ProjectConfigurationPlatforms) = postSolution
		{4A155D51-531A-4F14-84E9-E0471F3D3880}.Debug|Any CPU.ActiveCfg = Debug|Any CPU
		{4A155D51-531A-4F14-84E9-E0471F3D3880}.Debug|Any CPU.Build.0 = Debug|Any CPU
		{4A155D51-531A-4F14-84E9-E0471F3D3880}.Release|Any CPU.ActiveCfg = Release|Any CPU
		{4A155D51-531A-4F14-84E9-E0471F3D3880}.Release|Any CPU.Build.0 = Release|Any CPU
	EndGlobalSection
	GlobalSection(SolutionProperties) = preSolution
		HideSolutionNode = FALSE
	EndGlobalSection
	GlobalSection(ExtensibilityGlobals) = postSolution
		SolutionGuid = {53AE42F4-9A7F-4EBE-A01F-BB78B54019B4}
	EndGlobalSection
EndGlobal
