
Microsoft Visual Studio Solution File, Format Version 12.00
# Visual Studio Version 16
VisualStudioVersion = 16.0.32630.194
MinimumVisualStudioVersion = 10.0.40219.1
Project("{FAE04EC0-301F-11D3-BF4B-00C04F79EFBC}") = "WindowsFormsApp3", "WindowsFormsApp3\WindowsFormsApp3.csproj", "{DBDC112A-7693-44B8-B6A6-41990EEE5FA4}"
EndProject
Project("{FAE04EC0-301F-11D3-BF4B-00C04F79EFBC}") = "otherProject", "otherProject\otherProject.csproj", "{5F9F1915-6813-4D2A-9C4F-42615C86A01F}"
EndProject
Global
	GlobalSection(SolutionConfigurationPlatforms) = preSolution
		Debug|Any CPU = Debug|Any CPU
		Release|Any CPU = Release|Any CPU
	EndGlobalSection
	GlobalSection(ProjectConfigurationPlatforms) = postSolution
		{DBDC112A-7693-44B8-B6A6-41990EEE5FA4}.Debug|Any CPU.ActiveCfg = Debug|Any CPU
		{DBDC112A-7693-44B8-B6A6-41990EEE5FA4}.Debug|Any CPU.Build.0 = Debug|Any CPU
		{DBDC112A-7693-44B8-B6A6-41990EEE5FA4}.Release|Any CPU.ActiveCfg = Release|Any CPU
		{DBDC112A-7693-44B8-B6A6-41990EEE5FA4}.Release|Any CPU.Build.0 = Release|Any CPU
		{5F9F1915-6813-4D2A-9C4F-42615C86A01F}.Debug|Any CPU.ActiveCfg = Debug|Any CPU
		{5F9F1915-6813-4D2A-9C4F-42615C86A01F}.Debug|Any CPU.Build.0 = Debug|Any CPU
		{5F9F1915-6813-4D2A-9C4F-42615C86A01F}.Release|Any CPU.ActiveCfg = Release|Any CPU
		{5F9F1915-6813-4D2A-9C4F-42615C86A01F}.Release|Any CPU.Build.0 = Release|Any CPU
	EndGlobalSection
	GlobalSection(SolutionProperties) = preSolution
		HideSolutionNode = FALSE
	EndGlobalSection
	GlobalSection(ExtensibilityGlobals) = postSolution
		SolutionGuid = {E33FEF84-DB5B-4E69-9A1A-1E2FCE4598DA}
	EndGlobalSection
EndGlobal
