
Microsoft Visual Studio Solution File, Format Version 12.00
# Visual Studio Version 16
VisualStudioVersion = 16.0.32630.194
MinimumVisualStudioVersion = 10.0.40219.1
Project("{FAE04EC0-301F-11D3-BF4B-00C04F79EFBC}") = "WinFormsApp1", "WinFormsApp1\WinFormsApp1.csproj", "{337A4716-4F46-4E4A-A8BF-BAA518DF14B1}"
EndProject
Global
	GlobalSection(SolutionConfigurationPlatforms) = preSolution
		Debug|Any CPU = Debug|Any CPU
		Release|Any CPU = Release|Any CPU
	EndGlobalSection
	GlobalSection(ProjectConfigurationPlatforms) = postSolution
		{337A4716-4F46-4E4A-A8BF-BAA518DF14B1}.Debug|Any CPU.ActiveCfg = Debug|Any CPU
		{337A4716-4F46-4E4A-A8BF-BAA518DF14B1}.Debug|Any CPU.Build.0 = Debug|Any CPU
		{337A4716-4F46-4E4A-A8BF-BAA518DF14B1}.Release|Any CPU.ActiveCfg = Release|Any CPU
		{337A4716-4F46-4E4A-A8BF-BAA518DF14B1}.Release|Any CPU.Build.0 = Release|Any CPU
	EndGlobalSection
	GlobalSection(SolutionProperties) = preSolution
		HideSolutionNode = FALSE
	EndGlobalSection
	GlobalSection(ExtensibilityGlobals) = postSolution
		SolutionGuid = {000BBF95-A3EB-4663-8C05-6A4C0B3096B9}
	EndGlobalSection
EndGlobal
