
Microsoft Visual Studio Solution File, Format Version 12.00
# Visual Studio Version 16
VisualStudioVersion = 16.0.32630.194
MinimumVisualStudioVersion = 10.0.40219.1
Project("{FAE04EC0-301F-11D3-BF4B-00C04F79EFBC}") = "uygulama41(form 6)", "uygulama41(form 6)\uygulama41(form 6).csproj", "{02B8711E-4786-4765-B9B2-BC2BA9698166}"
EndProject
Global
	GlobalSection(SolutionConfigurationPlatforms) = preSolution
		Debug|Any CPU = Debug|Any CPU
		Release|Any CPU = Release|Any CPU
	EndGlobalSection
	GlobalSection(ProjectConfigurationPlatforms) = postSolution
		{02B8711E-4786-4765-B9B2-BC2BA9698166}.Debug|Any CPU.ActiveCfg = Debug|Any CPU
		{02B8711E-4786-4765-B9B2-BC2BA9698166}.Debug|Any CPU.Build.0 = Debug|Any CPU
		{02B8711E-4786-4765-B9B2-BC2BA9698166}.Release|Any CPU.ActiveCfg = Release|Any CPU
		{02B8711E-4786-4765-B9B2-BC2BA9698166}.Release|Any CPU.Build.0 = Release|Any CPU
	EndGlobalSection
	GlobalSection(SolutionProperties) = preSolution
		HideSolutionNode = FALSE
	EndGlobalSection
	GlobalSection(ExtensibilityGlobals) = postSolution
		SolutionGuid = {9913DD4C-DF2E-4987-8D4D-2BE0E488A9E4}
	EndGlobalSection
EndGlobal
