
Microsoft Visual Studio Solution File, Format Version 12.00
# Visual Studio Version 16
VisualStudioVersion = 16.0.32630.194
MinimumVisualStudioVersion = 10.0.40219.1
Project("{FAE04EC0-301F-11D3-BF4B-00C04F79EFBC}") = "uygulama18", "uygulama18\uygulama18.csproj", "{070EAFC4-D1B8-41D3-90DE-B6DF4339CCEE}"
EndProject
Global
	GlobalSection(SolutionConfigurationPlatforms) = preSolution
		Debug|Any CPU = Debug|Any CPU
		Release|Any CPU = Release|Any CPU
	EndGlobalSection
	GlobalSection(ProjectConfigurationPlatforms) = postSolution
		{070EAFC4-D1B8-41D3-90DE-B6DF4339CCEE}.Debug|Any CPU.ActiveCfg = Debug|Any CPU
		{070EAFC4-D1B8-41D3-90DE-B6DF4339CCEE}.Debug|Any CPU.Build.0 = Debug|Any CPU
		{070EAFC4-D1B8-41D3-90DE-B6DF4339CCEE}.Release|Any CPU.ActiveCfg = Release|Any CPU
		{070EAFC4-D1B8-41D3-90DE-B6DF4339CCEE}.Release|Any CPU.Build.0 = Release|Any CPU
	EndGlobalSection
	GlobalSection(SolutionProperties) = preSolution
		HideSolutionNode = FALSE
	EndGlobalSection
	GlobalSection(ExtensibilityGlobals) = postSolution
		SolutionGuid = {7516CEBA-7B1C-469B-AF43-4457EA3DD969}
	EndGlobalSection
EndGlobal
