
Microsoft Visual Studio Solution File, Format Version 12.00
# Visual Studio Version 16
VisualStudioVersion = 16.0.32630.194
MinimumVisualStudioVersion = 10.0.40219.1
Project("{FAE04EC0-301F-11D3-BF4B-00C04F79EFBC}") = "ders21(ahmet hoca)", "ders21(ahmet hoca)\ders21(ahmet hoca).csproj", "{E7FF783E-249A-476F-AE88-63A8A515651B}"
EndProject
Global
	GlobalSection(SolutionConfigurationPlatforms) = preSolution
		Debug|Any CPU = Debug|Any CPU
		Release|Any CPU = Release|Any CPU
	EndGlobalSection
	GlobalSection(ProjectConfigurationPlatforms) = postSolution
		{E7FF783E-249A-476F-AE88-63A8A515651B}.Debug|Any CPU.ActiveCfg = Debug|Any CPU
		{E7FF783E-249A-476F-AE88-63A8A515651B}.Debug|Any CPU.Build.0 = Debug|Any CPU
		{E7FF783E-249A-476F-AE88-63A8A515651B}.Release|Any CPU.ActiveCfg = Release|Any CPU
		{E7FF783E-249A-476F-AE88-63A8A515651B}.Release|Any CPU.Build.0 = Release|Any CPU
	EndGlobalSection
	GlobalSection(SolutionProperties) = preSolution
		HideSolutionNode = FALSE
	EndGlobalSection
	GlobalSection(ExtensibilityGlobals) = postSolution
		SolutionGuid = {2B03A342-4217-4780-ADA2-DFEC18CD7DA3}
	EndGlobalSection
EndGlobal
