
Microsoft Visual Studio Solution File, Format Version 12.00
# Visual Studio Version 16
VisualStudioVersion = 16.0.32630.194
MinimumVisualStudioVersion = 10.0.40219.1
Project("{FAE04EC0-301F-11D3-BF4B-00C04F79EFBC}") = "ders10(ilyakus)", "ders10(ilyakus)\ders10(ilyakus).csproj", "{6BE20EB6-43BA-4191-A46B-88C16C0B466E}"
EndProject
Global
	GlobalSection(SolutionConfigurationPlatforms) = preSolution
		Debug|Any CPU = Debug|Any CPU
		Release|Any CPU = Release|Any CPU
	EndGlobalSection
	GlobalSection(ProjectConfigurationPlatforms) = postSolution
		{6BE20EB6-43BA-4191-A46B-88C16C0B466E}.Debug|Any CPU.ActiveCfg = Debug|Any CPU
		{6BE20EB6-43BA-4191-A46B-88C16C0B466E}.Debug|Any CPU.Build.0 = Debug|Any CPU
		{6BE20EB6-43BA-4191-A46B-88C16C0B466E}.Release|Any CPU.ActiveCfg = Release|Any CPU
		{6BE20EB6-43BA-4191-A46B-88C16C0B466E}.Release|Any CPU.Build.0 = Release|Any CPU
	EndGlobalSection
	GlobalSection(SolutionProperties) = preSolution
		HideSolutionNode = FALSE
	EndGlobalSection
	GlobalSection(ExtensibilityGlobals) = postSolution
		SolutionGuid = {7AA500C4-E791-4CEA-A508-BEC0AE5B5980}
	EndGlobalSection
EndGlobal
