
Microsoft Visual Studio Solution File, Format Version 12.00
# Visual Studio Version 16
VisualStudioVersion = 16.0.32630.194
MinimumVisualStudioVersion = 10.0.40219.1
Project("{FAE04EC0-301F-11D3-BF4B-00C04F79EFBC}") = "ders14(ilyakus)", "ders14(ilyakus)\ders14(ilyakus).csproj", "{DD1391F6-EDB9-4100-BBF7-CBE30AF99FC9}"
EndProject
Global
	GlobalSection(SolutionConfigurationPlatforms) = preSolution
		Debug|Any CPU = Debug|Any CPU
		Release|Any CPU = Release|Any CPU
	EndGlobalSection
	GlobalSection(ProjectConfigurationPlatforms) = postSolution
		{DD1391F6-EDB9-4100-BBF7-CBE30AF99FC9}.Debug|Any CPU.ActiveCfg = Debug|Any CPU
		{DD1391F6-EDB9-4100-BBF7-CBE30AF99FC9}.Debug|Any CPU.Build.0 = Debug|Any CPU
		{DD1391F6-EDB9-4100-BBF7-CBE30AF99FC9}.Release|Any CPU.ActiveCfg = Release|Any CPU
		{DD1391F6-EDB9-4100-BBF7-CBE30AF99FC9}.Release|Any CPU.Build.0 = Release|Any CPU
	EndGlobalSection
	GlobalSection(SolutionProperties) = preSolution
		HideSolutionNode = FALSE
	EndGlobalSection
	GlobalSection(ExtensibilityGlobals) = postSolution
		SolutionGuid = {6EA079E8-EF6C-450A-B797-69D935C2828C}
	EndGlobalSection
EndGlobal
