
Microsoft Visual Studio Solution File, Format Version 12.00
# Visual Studio Version 16
VisualStudioVersion = 16.0.32630.194
MinimumVisualStudioVersion = 10.0.40219.1
Project("{FAE04EC0-301F-11D3-BF4B-00C04F79EFBC}") = "uygulama27", "uygulama27\uygulama27.csproj", "{336EEC14-6D04-4D75-8945-ECD17A014513}"
EndProject
Global
	GlobalSection(SolutionConfigurationPlatforms) = preSolution
		Debug|Any CPU = Debug|Any CPU
		Release|Any CPU = Release|Any CPU
	EndGlobalSection
	GlobalSection(ProjectConfigurationPlatforms) = postSolution
		{336EEC14-6D04-4D75-8945-ECD17A014513}.Debug|Any CPU.ActiveCfg = Debug|Any CPU
		{336EEC14-6D04-4D75-8945-ECD17A014513}.Debug|Any CPU.Build.0 = Debug|Any CPU
		{336EEC14-6D04-4D75-8945-ECD17A014513}.Release|Any CPU.ActiveCfg = Release|Any CPU
		{336EEC14-6D04-4D75-8945-ECD17A014513}.Release|Any CPU.Build.0 = Release|Any CPU
	EndGlobalSection
	GlobalSection(SolutionProperties) = preSolution
		HideSolutionNode = FALSE
	EndGlobalSection
	GlobalSection(ExtensibilityGlobals) = postSolution
		SolutionGuid = {09F9F612-20BC-4B30-B8E4-95F8F4552FF1}
	EndGlobalSection
EndGlobal
