
Microsoft Visual Studio Solution File, Format Version 12.00
# Visual Studio Version 16
VisualStudioVersion = 16.0.32630.194
MinimumVisualStudioVersion = 10.0.40219.1
Project("{FAE04EC0-301F-11D3-BF4B-00C04F79EFBC}") = "WinFormsApp3", "WinFormsApp3\WinFormsApp3.csproj", "{257BA771-C006-493C-89DF-99ADC59091D0}"
EndProject
Global
	GlobalSection(SolutionConfigurationPlatforms) = preSolution
		Debug|Any CPU = Debug|Any CPU
		Release|Any CPU = Release|Any CPU
	EndGlobalSection
	GlobalSection(ProjectConfigurationPlatforms) = postSolution
		{257BA771-C006-493C-89DF-99ADC59091D0}.Debug|Any CPU.ActiveCfg = Debug|Any CPU
		{257BA771-C006-493C-89DF-99ADC59091D0}.Debug|Any CPU.Build.0 = Debug|Any CPU
		{257BA771-C006-493C-89DF-99ADC59091D0}.Release|Any CPU.ActiveCfg = Release|Any CPU
		{257BA771-C006-493C-89DF-99ADC59091D0}.Release|Any CPU.Build.0 = Release|Any CPU
	EndGlobalSection
	GlobalSection(SolutionProperties) = preSolution
		HideSolutionNode = FALSE
	EndGlobalSection
	GlobalSection(ExtensibilityGlobals) = postSolution
		SolutionGuid = {8A32A0B4-D16F-47CB-93EF-91BCEA5541AA}
	EndGlobalSection
EndGlobal
