
Microsoft Visual Studio Solution File, Format Version 12.00
# Visual Studio Version 16
VisualStudioVersion = 16.0.32630.194
MinimumVisualStudioVersion = 10.0.40219.1
Project("{FAE04EC0-301F-11D3-BF4B-00C04F79EFBC}") = "ders11(ilyakus)", "ders11(ilyakus)\ders11(ilyakus).csproj", "{6BDC3575-43C3-4DDA-8016-893C64D7350E}"
EndProject
Global
	GlobalSection(SolutionConfigurationPlatforms) = preSolution
		Debug|Any CPU = Debug|Any CPU
		Release|Any CPU = Release|Any CPU
	EndGlobalSection
	GlobalSection(ProjectConfigurationPlatforms) = postSolution
		{6BDC3575-43C3-4DDA-8016-893C64D7350E}.Debug|Any CPU.ActiveCfg = Debug|Any CPU
		{6BDC3575-43C3-4DDA-8016-893C64D7350E}.Debug|Any CPU.Build.0 = Debug|Any CPU
		{6BDC3575-43C3-4DDA-8016-893C64D7350E}.Release|Any CPU.ActiveCfg = Release|Any CPU
		{6BDC3575-43C3-4DDA-8016-893C64D7350E}.Release|Any CPU.Build.0 = Release|Any CPU
	EndGlobalSection
	GlobalSection(SolutionProperties) = preSolution
		HideSolutionNode = FALSE
	EndGlobalSection
	GlobalSection(ExtensibilityGlobals) = postSolution
		SolutionGuid = {3C68A3A4-9883-4049-9C5D-034851EE0399}
	EndGlobalSection
EndGlobal
