
Microsoft Visual Studio Solution File, Format Version 12.00
# Visual Studio Version 16
VisualStudioVersion = 16.0.32630.194
MinimumVisualStudioVersion = 10.0.40219.1
Project("{FAE04EC0-301F-11D3-BF4B-00C04F79EFBC}") = "ders20(ilya kus)", "ders20(ilya kus)\ders20(ilya kus).csproj", "{FEF01CC2-DF6E-44AA-AFD3-3BEE2638D267}"
EndProject
Global
	GlobalSection(SolutionConfigurationPlatforms) = preSolution
		Debug|Any CPU = Debug|Any CPU
		Release|Any CPU = Release|Any CPU
	EndGlobalSection
	GlobalSection(ProjectConfigurationPlatforms) = postSolution
		{FEF01CC2-DF6E-44AA-AFD3-3BEE2638D267}.Debug|Any CPU.ActiveCfg = Debug|Any CPU
		{FEF01CC2-DF6E-44AA-AFD3-3BEE2638D267}.Debug|Any CPU.Build.0 = Debug|Any CPU
		{FEF01CC2-DF6E-44AA-AFD3-3BEE2638D267}.Release|Any CPU.ActiveCfg = Release|Any CPU
		{FEF01CC2-DF6E-44AA-AFD3-3BEE2638D267}.Release|Any CPU.Build.0 = Release|Any CPU
	EndGlobalSection
	GlobalSection(SolutionProperties) = preSolution
		HideSolutionNode = FALSE
	EndGlobalSection
	GlobalSection(ExtensibilityGlobals) = postSolution
		SolutionGuid = {98C3504B-B89F-4C07-9331-998ECDB5B351}
	EndGlobalSection
EndGlobal
