
Microsoft Visual Studio Solution File, Format Version 12.00
# Visual Studio Version 16
VisualStudioVersion = 16.0.32630.194
MinimumVisualStudioVersion = 10.0.40219.1
Project("{FAE04EC0-301F-11D3-BF4B-00C04F79EFBC}") = "GettingData", "GettingData\GettingData.csproj", "{6616435C-A64D-4F52-BEFD-003BAA08E070}"
EndProject
Global
	GlobalSection(SolutionConfigurationPlatforms) = preSolution
		Debug|Any CPU = Debug|Any CPU
		Release|Any CPU = Release|Any CPU
	EndGlobalSection
	GlobalSection(ProjectConfigurationPlatforms) = postSolution
		{6616435C-A64D-4F52-BEFD-003BAA08E070}.Debug|Any CPU.ActiveCfg = Debug|Any CPU
		{6616435C-A64D-4F52-BEFD-003BAA08E070}.Debug|Any CPU.Build.0 = Debug|Any CPU
		{6616435C-A64D-4F52-BEFD-003BAA08E070}.Release|Any CPU.ActiveCfg = Release|Any CPU
		{6616435C-A64D-4F52-BEFD-003BAA08E070}.Release|Any CPU.Build.0 = Release|Any CPU
	EndGlobalSection
	GlobalSection(SolutionProperties) = preSolution
		HideSolutionNode = FALSE
	EndGlobalSection
	GlobalSection(ExtensibilityGlobals) = postSolution
		SolutionGuid = {E4CF24E1-82AB-4C08-B8B2-118D73ED66EA}
	EndGlobalSection
EndGlobal
