
Microsoft Visual Studio Solution File, Format Version 12.00
# Visual Studio Version 16
VisualStudioVersion = 16.0.32630.194
MinimumVisualStudioVersion = 10.0.40219.1
Project("{FAE04EC0-301F-11D3-BF4B-00C04F79EFBC}") = "uygulama30", "uygulama30\uygulama30.csproj", "{8BCEA1B8-87A2-48F4-BB7F-3C1983E311AA}"
EndProject
Global
	GlobalSection(SolutionConfigurationPlatforms) = preSolution
		Debug|Any CPU = Debug|Any CPU
		Release|Any CPU = Release|Any CPU
	EndGlobalSection
	GlobalSection(ProjectConfigurationPlatforms) = postSolution
		{8BCEA1B8-87A2-48F4-BB7F-3C1983E311AA}.Debug|Any CPU.ActiveCfg = Debug|Any CPU
		{8BCEA1B8-87A2-48F4-BB7F-3C1983E311AA}.Debug|Any CPU.Build.0 = Debug|Any CPU
		{8BCEA1B8-87A2-48F4-BB7F-3C1983E311AA}.Release|Any CPU.ActiveCfg = Release|Any CPU
		{8BCEA1B8-87A2-48F4-BB7F-3C1983E311AA}.Release|Any CPU.Build.0 = Release|Any CPU
	EndGlobalSection
	GlobalSection(SolutionProperties) = preSolution
		HideSolutionNode = FALSE
	EndGlobalSection
	GlobalSection(ExtensibilityGlobals) = postSolution
		SolutionGuid = {5ECF8E5A-8BFB-4C14-AFA2-7BA9087A6B0E}
	EndGlobalSection
EndGlobal
