
Microsoft Visual Studio Solution File, Format Version 12.00
# Visual Studio Version 16
VisualStudioVersion = 16.0.32630.194
MinimumVisualStudioVersion = 10.0.40219.1
Project("{FAE04EC0-301F-11D3-BF4B-00C04F79EFBC}") = "ders12(ilyakus)", "ders12(ilyakus)\ders12(ilyakus).csproj", "{A6825BD3-3049-44CC-B2C1-D99ADF6AD440}"
EndProject
Global
	GlobalSection(SolutionConfigurationPlatforms) = preSolution
		Debug|Any CPU = Debug|Any CPU
		Release|Any CPU = Release|Any CPU
	EndGlobalSection
	GlobalSection(ProjectConfigurationPlatforms) = postSolution
		{A6825BD3-3049-44CC-B2C1-D99ADF6AD440}.Debug|Any CPU.ActiveCfg = Debug|Any CPU
		{A6825BD3-3049-44CC-B2C1-D99ADF6AD440}.Debug|Any CPU.Build.0 = Debug|Any CPU
		{A6825BD3-3049-44CC-B2C1-D99ADF6AD440}.Release|Any CPU.ActiveCfg = Release|Any CPU
		{A6825BD3-3049-44CC-B2C1-D99ADF6AD440}.Release|Any CPU.Build.0 = Release|Any CPU
	EndGlobalSection
	GlobalSection(SolutionProperties) = preSolution
		HideSolutionNode = FALSE
	EndGlobalSection
	GlobalSection(ExtensibilityGlobals) = postSolution
		SolutionGuid = {BA53E0D8-ECE1-4E73-A715-F2B69BF3B27D}
	EndGlobalSection
EndGlobal
