
Microsoft Visual Studio Solution File, Format Version 12.00
# Visual Studio Version 16
VisualStudioVersion = 16.0.32630.194
MinimumVisualStudioVersion = 10.0.40219.1
Project("{FAE04EC0-301F-11D3-BF4B-00C04F79EFBC}") = "WindowsFormsApp1", "WindowsFormsApp1\WindowsFormsApp1.csproj", "{F710AD58-7CE4-4D0D-8D45-EF0B9D9D6D15}"
EndProject
Global
	GlobalSection(SolutionConfigurationPlatforms) = preSolution
		Debug|Any CPU = Debug|Any CPU
		Release|Any CPU = Release|Any CPU
	EndGlobalSection
	GlobalSection(ProjectConfigurationPlatforms) = postSolution
		{F710AD58-7CE4-4D0D-8D45-EF0B9D9D6D15}.Debug|Any CPU.ActiveCfg = Debug|Any CPU
		{F710AD58-7CE4-4D0D-8D45-EF0B9D9D6D15}.Debug|Any CPU.Build.0 = Debug|Any CPU
		{F710AD58-7CE4-4D0D-8D45-EF0B9D9D6D15}.Release|Any CPU.ActiveCfg = Release|Any CPU
		{F710AD58-7CE4-4D0D-8D45-EF0B9D9D6D15}.Release|Any CPU.Build.0 = Release|Any CPU
	EndGlobalSection
	GlobalSection(SolutionProperties) = preSolution
		HideSolutionNode = FALSE
	EndGlobalSection
	GlobalSection(ExtensibilityGlobals) = postSolution
		SolutionGuid = {B2C19F37-2733-4DD2-AF3E-1D383A38FDBD}
	EndGlobalSection
EndGlobal
