
Microsoft Visual Studio Solution File, Format Version 12.00
# Visual Studio Version 16
VisualStudioVersion = 16.0.32630.194
MinimumVisualStudioVersion = 10.0.40219.1
Project("{FAE04EC0-301F-11D3-BF4B-00C04F79EFBC}") = "Polymorphism", "Polymorphism\Polymorphism.csproj", "{756EADCF-855A-497E-B8CB-8A83D8C90A1D}"
EndProject
Global
	GlobalSection(SolutionConfigurationPlatforms) = preSolution
		Debug|Any CPU = Debug|Any CPU
		Release|Any CPU = Release|Any CPU
	EndGlobalSection
	GlobalSection(ProjectConfigurationPlatforms) = postSolution
		{756EADCF-855A-497E-B8CB-8A83D8C90A1D}.Debug|Any CPU.ActiveCfg = Debug|Any CPU
		{756EADCF-855A-497E-B8CB-8A83D8C90A1D}.Debug|Any CPU.Build.0 = Debug|Any CPU
		{756EADCF-855A-497E-B8CB-8A83D8C90A1D}.Release|Any CPU.ActiveCfg = Release|Any CPU
		{756EADCF-855A-497E-B8CB-8A83D8C90A1D}.Release|Any CPU.Build.0 = Release|Any CPU
	EndGlobalSection
	GlobalSection(SolutionProperties) = preSolution
		HideSolutionNode = FALSE
	EndGlobalSection
	GlobalSection(ExtensibilityGlobals) = postSolution
		SolutionGuid = {0555493A-1968-4951-881E-4323E935B06A}
	EndGlobalSection
EndGlobal
