
Microsoft Visual Studio Solution File, Format Version 12.00
# Visual Studio Version 16
VisualStudioVersion = 16.0.32630.194
MinimumVisualStudioVersion = 10.0.40219.1
Project("{FAE04EC0-301F-11D3-BF4B-00C04F79EFBC}") = "uygulama14", "uygulama14\uygulama14.csproj", "{65C61934-43FA-4222-8876-7023F14F5937}"
EndProject
Global
	GlobalSection(SolutionConfigurationPlatforms) = preSolution
		Debug|Any CPU = Debug|Any CPU
		Release|Any CPU = Release|Any CPU
	EndGlobalSection
	GlobalSection(ProjectConfigurationPlatforms) = postSolution
		{65C61934-43FA-4222-8876-7023F14F5937}.Debug|Any CPU.ActiveCfg = Debug|Any CPU
		{65C61934-43FA-4222-8876-7023F14F5937}.Debug|Any CPU.Build.0 = Debug|Any CPU
		{65C61934-43FA-4222-8876-7023F14F5937}.Release|Any CPU.ActiveCfg = Release|Any CPU
		{65C61934-43FA-4222-8876-7023F14F5937}.Release|Any CPU.Build.0 = Release|Any CPU
	EndGlobalSection
	GlobalSection(SolutionProperties) = preSolution
		HideSolutionNode = FALSE
	EndGlobalSection
	GlobalSection(ExtensibilityGlobals) = postSolution
		SolutionGuid = {B2578683-5101-44F6-BEF1-9E476686C9FD}
	EndGlobalSection
EndGlobal
