
Microsoft Visual Studio Solution File, Format Version 12.00
# Visual Studio Version 16
VisualStudioVersion = 16.0.32630.194
MinimumVisualStudioVersion = 10.0.40219.1
Project("{FAE04EC0-301F-11D3-BF4B-00C04F79EFBC}") = "MenuStrip", "MenuStrip\MenuStrip.csproj", "{C233F018-AE52-46CA-8D80-11B894DFF3FB}"
EndProject
Global
	GlobalSection(SolutionConfigurationPlatforms) = preSolution
		Debug|Any CPU = Debug|Any CPU
		Release|Any CPU = Release|Any CPU
	EndGlobalSection
	GlobalSection(ProjectConfigurationPlatforms) = postSolution
		{C233F018-AE52-46CA-8D80-11B894DFF3FB}.Debug|Any CPU.ActiveCfg = Debug|Any CPU
		{C233F018-AE52-46CA-8D80-11B894DFF3FB}.Debug|Any CPU.Build.0 = Debug|Any CPU
		{C233F018-AE52-46CA-8D80-11B894DFF3FB}.Release|Any CPU.ActiveCfg = Release|Any CPU
		{C233F018-AE52-46CA-8D80-11B894DFF3FB}.Release|Any CPU.Build.0 = Release|Any CPU
	EndGlobalSection
	GlobalSection(SolutionProperties) = preSolution
		HideSolutionNode = FALSE
	EndGlobalSection
	GlobalSection(ExtensibilityGlobals) = postSolution
		SolutionGuid = {3CD15E2E-FD4C-40F0-B978-81742952E9FC}
	EndGlobalSection
EndGlobal
