
Microsoft Visual Studio Solution File, Format Version 12.00
# Visual Studio Version 16
VisualStudioVersion = 16.0.32630.194
MinimumVisualStudioVersion = 10.0.40219.1
Project("{FAE04EC0-301F-11D3-BF4B-00C04F79EFBC}") = "Interfaces", "Interfaces\Interfaces.csproj", "{989DDC2C-098D-4FD6-8F9A-817031017FF8}"
EndProject
Global
	GlobalSection(SolutionConfigurationPlatforms) = preSolution
		Debug|Any CPU = Debug|Any CPU
		Release|Any CPU = Release|Any CPU
	EndGlobalSection
	GlobalSection(ProjectConfigurationPlatforms) = postSolution
		{989DDC2C-098D-4FD6-8F9A-817031017FF8}.Debug|Any CPU.ActiveCfg = Debug|Any CPU
		{989DDC2C-098D-4FD6-8F9A-817031017FF8}.Debug|Any CPU.Build.0 = Debug|Any CPU
		{989DDC2C-098D-4FD6-8F9A-817031017FF8}.Release|Any CPU.ActiveCfg = Release|Any CPU
		{989DDC2C-098D-4FD6-8F9A-817031017FF8}.Release|Any CPU.Build.0 = Release|Any CPU
	EndGlobalSection
	GlobalSection(SolutionProperties) = preSolution
		HideSolutionNode = FALSE
	EndGlobalSection
	GlobalSection(ExtensibilityGlobals) = postSolution
		SolutionGuid = {4EA29B7E-1A53-4DAA-8290-0D2ED81FD2DA}
	EndGlobalSection
EndGlobal
