
Microsoft Visual Studio Solution File, Format Version 12.00
# Visual Studio Version 16
VisualStudioVersion = 16.0.32630.194
MinimumVisualStudioVersion = 10.0.40219.1
Project("{FAE04EC0-301F-11D3-BF4B-00C04F79EFBC}") = "ders14(ahmet hoca)", "ders14(ahmet hoca)\ders14(ahmet hoca).csproj", "{D52216DC-391B-43C3-99EE-625D19D22942}"
EndProject
Global
	GlobalSection(SolutionConfigurationPlatforms) = preSolution
		Debug|Any CPU = Debug|Any CPU
		Release|Any CPU = Release|Any CPU
	EndGlobalSection
	GlobalSection(ProjectConfigurationPlatforms) = postSolution
		{D52216DC-391B-43C3-99EE-625D19D22942}.Debug|Any CPU.ActiveCfg = Debug|Any CPU
		{D52216DC-391B-43C3-99EE-625D19D22942}.Debug|Any CPU.Build.0 = Debug|Any CPU
		{D52216DC-391B-43C3-99EE-625D19D22942}.Release|Any CPU.ActiveCfg = Release|Any CPU
		{D52216DC-391B-43C3-99EE-625D19D22942}.Release|Any CPU.Build.0 = Release|Any CPU
	EndGlobalSection
	GlobalSection(SolutionProperties) = preSolution
		HideSolutionNode = FALSE
	EndGlobalSection
	GlobalSection(ExtensibilityGlobals) = postSolution
		SolutionGuid = {7D8FFC16-E5CB-432E-AFDE-DF8019651F04}
	EndGlobalSection
EndGlobal
