
Microsoft Visual Studio Solution File, Format Version 12.00
# Visual Studio Version 16
VisualStudioVersion = 16.0.32630.194
MinimumVisualStudioVersion = 10.0.40219.1
Project("{FAE04EC0-301F-11D3-BF4B-00C04F79EFBC}") = "WinFormsApp15", "WinFormsApp15\WinFormsApp15.csproj", "{C1A628AA-C430-4461-8A2F-020C098FA743}"
EndProject
Global
	GlobalSection(SolutionConfigurationPlatforms) = preSolution
		Debug|Any CPU = Debug|Any CPU
		Release|Any CPU = Release|Any CPU
	EndGlobalSection
	GlobalSection(ProjectConfigurationPlatforms) = postSolution
		{C1A628AA-C430-4461-8A2F-020C098FA743}.Debug|Any CPU.ActiveCfg = Debug|Any CPU
		{C1A628AA-C430-4461-8A2F-020C098FA743}.Debug|Any CPU.Build.0 = Debug|Any CPU
		{C1A628AA-C430-4461-8A2F-020C098FA743}.Release|Any CPU.ActiveCfg = Release|Any CPU
		{C1A628AA-C430-4461-8A2F-020C098FA743}.Release|Any CPU.Build.0 = Release|Any CPU
	EndGlobalSection
	GlobalSection(SolutionProperties) = preSolution
		HideSolutionNode = FALSE
	EndGlobalSection
	GlobalSection(ExtensibilityGlobals) = postSolution
		SolutionGuid = {317F5DCE-FA89-4916-B083-C011E515D4D5}
	EndGlobalSection
EndGlobal
