
Microsoft Visual Studio Solution File, Format Version 12.00
# Visual Studio Version 16
VisualStudioVersion = 16.0.32630.194
MinimumVisualStudioVersion = 10.0.40219.1
Project("{FAE04EC0-301F-11D3-BF4B-00C04F79EFBC}") = "uygulama10", "uygulama10\uygulama10.csproj", "{BE38A32B-B338-454E-A3A1-05F91A3EE943}"
EndProject
Global
	GlobalSection(SolutionConfigurationPlatforms) = preSolution
		Debug|Any CPU = Debug|Any CPU
		Release|Any CPU = Release|Any CPU
	EndGlobalSection
	GlobalSection(ProjectConfigurationPlatforms) = postSolution
		{BE38A32B-B338-454E-A3A1-05F91A3EE943}.Debug|Any CPU.ActiveCfg = Debug|Any CPU
		{BE38A32B-B338-454E-A3A1-05F91A3EE943}.Debug|Any CPU.Build.0 = Debug|Any CPU
		{BE38A32B-B338-454E-A3A1-05F91A3EE943}.Release|Any CPU.ActiveCfg = Release|Any CPU
		{BE38A32B-B338-454E-A3A1-05F91A3EE943}.Release|Any CPU.Build.0 = Release|Any CPU
	EndGlobalSection
	GlobalSection(SolutionProperties) = preSolution
		HideSolutionNode = FALSE
	EndGlobalSection
	GlobalSection(ExtensibilityGlobals) = postSolution
		SolutionGuid = {A0200372-7BB1-40FE-AD2B-D1C9199192D9}
	EndGlobalSection
EndGlobal
