
Microsoft Visual Studio Solution File, Format Version 12.00
# Visual Studio Version 16
VisualStudioVersion = 16.0.32630.194
MinimumVisualStudioVersion = 10.0.40219.1
Project("{FAE04EC0-301F-11D3-BF4B-00C04F79EFBC}") = "uygulama6(diziler-2)", "uygulama6(diziler-2)\uygulama6(diziler-2).csproj", "{4CA0C41F-8ED3-4E2B-90BF-3EF2E5F1977B}"
EndProject
Global
	GlobalSection(SolutionConfigurationPlatforms) = preSolution
		Debug|Any CPU = Debug|Any CPU
		Release|Any CPU = Release|Any CPU
	EndGlobalSection
	GlobalSection(ProjectConfigurationPlatforms) = postSolution
		{4CA0C41F-8ED3-4E2B-90BF-3EF2E5F1977B}.Debug|Any CPU.ActiveCfg = Debug|Any CPU
		{4CA0C41F-8ED3-4E2B-90BF-3EF2E5F1977B}.Debug|Any CPU.Build.0 = Debug|Any CPU
		{4CA0C41F-8ED3-4E2B-90BF-3EF2E5F1977B}.Release|Any CPU.ActiveCfg = Release|Any CPU
		{4CA0C41F-8ED3-4E2B-90BF-3EF2E5F1977B}.Release|Any CPU.Build.0 = Release|Any CPU
	EndGlobalSection
	GlobalSection(SolutionProperties) = preSolution
		HideSolutionNode = FALSE
	EndGlobalSection
	GlobalSection(ExtensibilityGlobals) = postSolution
		SolutionGuid = {5C4B781E-925D-40BD-AB2C-4B4C6516DA51}
	EndGlobalSection
EndGlobal
