
Microsoft Visual Studio Solution File, Format Version 12.00
# Visual Studio Version 16
VisualStudioVersion = 16.0.32630.194
MinimumVisualStudioVersion = 10.0.40219.1
Project("{FAE04EC0-301F-11D3-BF4B-00C04F79EFBC}") = "ders13(ahmet hoca)", "ders13(ahmet hoca)\ders13(ahmet hoca).csproj", "{FFC45539-4764-4172-A4DA-FBDE46C6AE89}"
EndProject
Global
	GlobalSection(SolutionConfigurationPlatforms) = preSolution
		Debug|Any CPU = Debug|Any CPU
		Release|Any CPU = Release|Any CPU
	EndGlobalSection
	GlobalSection(ProjectConfigurationPlatforms) = postSolution
		{FFC45539-4764-4172-A4DA-FBDE46C6AE89}.Debug|Any CPU.ActiveCfg = Debug|Any CPU
		{FFC45539-4764-4172-A4DA-FBDE46C6AE89}.Debug|Any CPU.Build.0 = Debug|Any CPU
		{FFC45539-4764-4172-A4DA-FBDE46C6AE89}.Release|Any CPU.ActiveCfg = Release|Any CPU
		{FFC45539-4764-4172-A4DA-FBDE46C6AE89}.Release|Any CPU.Build.0 = Release|Any CPU
	EndGlobalSection
	GlobalSection(SolutionProperties) = preSolution
		HideSolutionNode = FALSE
	EndGlobalSection
	GlobalSection(ExtensibilityGlobals) = postSolution
		SolutionGuid = {55666734-FAC2-4AC0-84A5-C9469CA8E20C}
	EndGlobalSection
EndGlobal
