
Microsoft Visual Studio Solution File, Format Version 12.00
# Visual Studio Version 16
VisualStudioVersion = 16.0.32630.194
MinimumVisualStudioVersion = 10.0.40219.1
Project("{FAE04EC0-301F-11D3-BF4B-00C04F79EFBC}") = "uygulama3", "uygulama3\uygulama3.csproj", "{72A067C0-C73A-4790-82DD-E405082C26C0}"
EndProject
Global
	GlobalSection(SolutionConfigurationPlatforms) = preSolution
		Debug|Any CPU = Debug|Any CPU
		Release|Any CPU = Release|Any CPU
	EndGlobalSection
	GlobalSection(ProjectConfigurationPlatforms) = postSolution
		{72A067C0-C73A-4790-82DD-E405082C26C0}.Debug|Any CPU.ActiveCfg = Debug|Any CPU
		{72A067C0-C73A-4790-82DD-E405082C26C0}.Debug|Any CPU.Build.0 = Debug|Any CPU
		{72A067C0-C73A-4790-82DD-E405082C26C0}.Release|Any CPU.ActiveCfg = Release|Any CPU
		{72A067C0-C73A-4790-82DD-E405082C26C0}.Release|Any CPU.Build.0 = Release|Any CPU
	EndGlobalSection
	GlobalSection(SolutionProperties) = preSolution
		HideSolutionNode = FALSE
	EndGlobalSection
	GlobalSection(ExtensibilityGlobals) = postSolution
		SolutionGuid = {93B062F0-C5C2-48BA-A162-37A904D6C1F7}
	EndGlobalSection
EndGlobal
